
Microsoft Visual Studio Solution File, Format Version 12.00
# Visual Studio Version 17
VisualStudioVersion = 17.7.34031.279
MinimumVisualStudioVersion = 10.0.40219.1
Project("{8BC9CEB8-8B4A-11D0-8D11-00A0C91BC942}") = "Task 1 OOP", "Task 1 OOP\Task 1 OOP.vcxproj", "{E2686679-BA53-483F-84E0-561A4D3B0D3D}"
EndProject
Global
	GlobalSection(SolutionConfigurationPlatforms) = preSolution
		Debug|x64 = Debug|x64
		Debug|x86 = Debug|x86
		Release|x64 = Release|x64
		Release|x86 = Release|x86
	EndGlobalSection
	GlobalSection(ProjectConfigurationPlatforms) = postSolution
		{E2686679-BA53-483F-84E0-561A4D3B0D3D}.Debug|x64.ActiveCfg = Debug|x64
		{E2686679-BA53-483F-84E0-561A4D3B0D3D}.Debug|x64.Build.0 = Debug|x64
		{E2686679-BA53-483F-84E0-561A4D3B0D3D}.Debug|x86.ActiveCfg = Debug|Win32
		{E2686679-BA53-483F-84E0-561A4D3B0D3D}.Debug|x86.Build.0 = Debug|Win32
		{E2686679-BA53-483F-84E0-561A4D3B0D3D}.Release|x64.ActiveCfg = Release|x64
		{E2686679-BA53-483F-84E0-561A4D3B0D3D}.Release|x64.Build.0 = Release|x64
		{E2686679-BA53-483F-84E0-561A4D3B0D3D}.Release|x86.ActiveCfg = Release|Win32
		{E2686679-BA53-483F-84E0-561A4D3B0D3D}.Release|x86.Build.0 = Release|Win32
	EndGlobalSection
	GlobalSection(SolutionProperties) = preSolution
		HideSolutionNode = FALSE
	EndGlobalSection
	GlobalSection(ExtensibilityGlobals) = postSolution
		SolutionGuid = {81CA6218-B969-432D-83AC-DE293E4A1B9B}
	EndGlobalSection
EndGlobal
